{
  "version": 4,
  "terraform_version": "0.13.5",
  "serial": 524,
  "lineage": "9499a6fb-b1fc-104f-6822-afbc17fbe5a2",
  "outputs": {
    "aws_availability_zones": {
      "value": {
        "all_availability_zones": null,
        "exclude_names": null,
        "exclude_zone_ids": null,
        "filter": null,
        "group_names": [
          "eu-west-1"
        ],
        "id": "eu-west-1",
        "names": [
          "eu-west-1a",
          "eu-west-1b",
          "eu-west-1c"
        ],
        "state": "available",
        "zone_ids": [
          "euw1-az2",
          "euw1-az3",
          "euw1-az1"
        ]
      },
      "type": [
        "object",
        {
          "all_availability_zones": "bool",
          "exclude_names": [
            "set",
            "string"
          ],
          "exclude_zone_ids": [
            "set",
            "string"
          ],
          "filter": [
            "set",
            [
              "object",
              {
                "name": "string",
                "values": [
                  "set",
                  "string"
                ]
              }
            ]
          ],
          "group_names": [
            "set",
            "string"
          ],
          "id": "string",
          "names": [
            "list",
            "string"
          ],
          "state": "string",
          "zone_ids": [
            "list",
            "string"
          ]
        }
      ]
    },
    "aws_eks_node_group": {
      "value": "hamzaelaouane-eks-cluster:hamzaelaouane-eks-cluster-node-group",
      "type": "string"
    },
    "aws_iam_role_hamzaelaouane_eks_cluster": {
      "value": "hamzaelaouane-EksClusterIAMRole-terraform",
      "type": "string"
    },
    "aws_iam_role_hamzaelaouane_eks_cluster_node_group": {
      "value": "hamzaelaouane-EksClusterNodeGroup-terraform",
      "type": "string"
    },
    "aws_key_pair": {
      "value": "eks-ssh",
      "type": "string"
    },
    "aws_sg_hamzaelaouane_eks_cluster_node_group": {
      "value": "EKSClusterNodeGroupSecurityGroup",
      "type": "string"
    },
    "aws_subnet_list_of_ids": {
      "value": [
        "subnet-0315218df020c628a",
        "subnet-010d35e09f4a17b2b",
        "subnet-08c25f685a4aa8377"
      ],
      "type": [
        "tuple",
        [
          "string",
          "string",
          "string"
        ]
      ]
    },
    "endpoint": {
      "value": "https://CC4C3F8BBC13806A3854A64152E0062C.gr7.eu-west-1.eks.amazonaws.com",
      "type": "string"
    },
    "kubeconfig-certificate-authority-data": {
      "value": "LS0tLS1CRUdJTiBDRVJUSUZJQ0FURS0tLS0tCk1JSUN5RENDQWJDZ0F3SUJBZ0lCQURBTkJna3Foa2lHOXcwQkFRc0ZBREFWTVJNd0VRWURWUVFERXdwcmRXSmwKY201bGRHVnpNQjRYRFRJd01URXhNREF6TkRRMU1sb1hEVE13TVRFd09EQXpORFExTWxvd0ZURVRNQkVHQTFVRQpBeE1LYTNWaVpYSnVaWFJsY3pDQ0FTSXdEUVlKS29aSWh2Y05BUUVCQlFBRGdnRVBBRENDQVFvQ2dnRUJBUDNNCkNmSkVyTjgvamVZemlTQzNyL3dFTjNQWUZsN0FjS2NGSVVjL1U2RVRYcE9VS1pBdklJbFN0MDIvb0Q1dVBUU3MKYnVON1owOWExWm5iQ1lucCtBbjR2bGU0WHJqRjNsT3E4YzJmT1haRHoyV1RLM3VGejcrcWRVamxLdTgxMHNFSQpPY2VQQ0lOYnZVSXAxb3Fmd0d3ZUxuQ1hLWDJnT3pIYXF4OEIrSkNrU1RNcXVQZTZmbGc2Y0ZkVEFzN1RpbkF0CnNtWG9nL0E0NDhJMHM0WCs5K3V2RHAzTUVVcUlHOURLWTUxaVF3ak9Od1BnWTMxMVh3ZVFTNmlyanZmRHhIOTEKNjZqemk3RFlVRXJmV2JLUHRwVlAxN2JiVW0zWTAwRnF4V3ZnNlF0M3ZGZ1puV0RDa01VcjQzNE5idTFiVWJxYwpnZm9SQ2QzbGRaYmlEVTJ0amswQ0F3RUFBYU1qTUNFd0RnWURWUjBQQVFIL0JBUURBZ0trTUE4R0ExVWRFd0VCCi93UUZNQU1CQWY4d0RRWUpLb1pJaHZjTkFRRUxCUUFEZ2dFQkFIZENNK1VWNkJYMXh4VUlLdHBINXR4SWc5RlAKTmxwNkF1cVZqWjh4cEdxK3NGUlRFLzlzZHBBWnFETW9hUmlsY21WZ1V5YTV6ZG8zUUZxd2EvMkI4V1pWanRJVQp0aGF3Ukp5alJjUE8wMTdwRHVFUGNMd0szMmg0TnVlL0M3bWlTV28yK2dLb1NTQlJaeFc2S2JQa0I3a2VvQ3RRCi85Q1RuMjYweVpRL1I0ZU9oNUZwQjdCYjJBZzRjVG1HRkt2SmZsMFZXYjBtYjhlVHJxWTVXOVRUVEdhdS9sRzcKL01ybTVwMDE2SzdqeE14VDMrQVJxdjUvZlNiWjEwblI1MzhUcUlBU0hhWTFzMmtzTys2d01LdTk5aVZGMEZCbwpIdzZDekhua3l6NGNPcHQ0QlhmVXdXd1g1U3dBSzl1VkxCZUdzVUdETVhXbThkWmdKMHhwTnQzRERFVT0KLS0tLS1FTkQgQ0VSVElGSUNBVEUtLS0tLQo=",
      "type": "string"
    },
    "vpc_id": {
      "value": "vpc-1124ca68",
      "type": "string"
    }
  },
  "resources": [
    {
      "mode": "data",
      "type": "aws_availability_zones",
      "name": "default",
      "provider": "provider[\"registry.terraform.io/hashicorp/aws\"]",
      "instances": [
        {
          "schema_version": 0,
          "attributes": {
            "all_availability_zones": null,
            "exclude_names": null,
            "exclude_zone_ids": null,
            "filter": null,
            "group_names": [
              "eu-west-1"
            ],
            "id": "eu-west-1",
            "names": [
              "eu-west-1a",
              "eu-west-1b",
              "eu-west-1c"
            ],
            "state": "available",
            "zone_ids": [
              "euw1-az2",
              "euw1-az3",
              "euw1-az1"
            ]
          }
        }
      ]
    },
    {
      "mode": "data",
      "type": "aws_subnet_ids",
      "name": "default",
      "provider": "provider[\"registry.terraform.io/hashicorp/aws\"]",
      "instances": [
        {
          "schema_version": 0,
          "attributes": {
            "filter": null,
            "id": "vpc-1124ca68",
            "ids": [
              "subnet-709df82a",
              "subnet-7f500b19",
              "subnet-dcbc9794"
            ],
            "tags": null,
            "vpc_id": "vpc-1124ca68"
          }
        }
      ]
    },
    {
      "mode": "data",
      "type": "aws_vpc",
      "name": "default",
      "provider": "provider[\"registry.terraform.io/hashicorp/aws\"]",
      "instances": [
        {
          "schema_version": 0,
          "attributes": {
            "arn": "arn:aws:ec2:eu-west-1:569551094392:vpc/vpc-1124ca68",
            "cidr_block": "172.31.0.0/16",
            "cidr_block_associations": [
              {
                "association_id": "vpc-cidr-assoc-75180e1e",
                "cidr_block": "172.31.0.0/16",
                "state": "associated"
              }
            ],
            "default": true,
            "dhcp_options_id": "dopt-5ad48d3c",
            "enable_dns_hostnames": true,
            "enable_dns_support": true,
            "filter": null,
            "id": "vpc-1124ca68",
            "instance_tenancy": "default",
            "ipv6_association_id": null,
            "ipv6_cidr_block": null,
            "main_route_table_id": "rtb-ed524294",
            "owner_id": "569551094392",
            "state": "available",
            "tags": {}
          }
        }
      ]
    },
    {
      "mode": "managed",
      "type": "aws_eks_cluster",
      "name": "voting_app_eks_cluster",
      "provider": "provider[\"registry.terraform.io/hashicorp/aws\"]",
      "instances": [
        {
          "schema_version": 0,
          "attributes": {
            "arn": "arn:aws:eks:eu-west-1:569551094392:cluster/hamzaelaouane-eks-cluster",
            "certificate_authority": [
              {
                "data": "LS0tLS1CRUdJTiBDRVJUSUZJQ0FURS0tLS0tCk1JSUN5RENDQWJDZ0F3SUJBZ0lCQURBTkJna3Foa2lHOXcwQkFRc0ZBREFWTVJNd0VRWURWUVFERXdwcmRXSmwKY201bGRHVnpNQjRYRFRJd01URXhNREF6TkRRMU1sb1hEVE13TVRFd09EQXpORFExTWxvd0ZURVRNQkVHQTFVRQpBeE1LYTNWaVpYSnVaWFJsY3pDQ0FTSXdEUVlKS29aSWh2Y05BUUVCQlFBRGdnRVBBRENDQVFvQ2dnRUJBUDNNCkNmSkVyTjgvamVZemlTQzNyL3dFTjNQWUZsN0FjS2NGSVVjL1U2RVRYcE9VS1pBdklJbFN0MDIvb0Q1dVBUU3MKYnVON1owOWExWm5iQ1lucCtBbjR2bGU0WHJqRjNsT3E4YzJmT1haRHoyV1RLM3VGejcrcWRVamxLdTgxMHNFSQpPY2VQQ0lOYnZVSXAxb3Fmd0d3ZUxuQ1hLWDJnT3pIYXF4OEIrSkNrU1RNcXVQZTZmbGc2Y0ZkVEFzN1RpbkF0CnNtWG9nL0E0NDhJMHM0WCs5K3V2RHAzTUVVcUlHOURLWTUxaVF3ak9Od1BnWTMxMVh3ZVFTNmlyanZmRHhIOTEKNjZqemk3RFlVRXJmV2JLUHRwVlAxN2JiVW0zWTAwRnF4V3ZnNlF0M3ZGZ1puV0RDa01VcjQzNE5idTFiVWJxYwpnZm9SQ2QzbGRaYmlEVTJ0amswQ0F3RUFBYU1qTUNFd0RnWURWUjBQQVFIL0JBUURBZ0trTUE4R0ExVWRFd0VCCi93UUZNQU1CQWY4d0RRWUpLb1pJaHZjTkFRRUxCUUFEZ2dFQkFIZENNK1VWNkJYMXh4VUlLdHBINXR4SWc5RlAKTmxwNkF1cVZqWjh4cEdxK3NGUlRFLzlzZHBBWnFETW9hUmlsY21WZ1V5YTV6ZG8zUUZxd2EvMkI4V1pWanRJVQp0aGF3Ukp5alJjUE8wMTdwRHVFUGNMd0szMmg0TnVlL0M3bWlTV28yK2dLb1NTQlJaeFc2S2JQa0I3a2VvQ3RRCi85Q1RuMjYweVpRL1I0ZU9oNUZwQjdCYjJBZzRjVG1HRkt2SmZsMFZXYjBtYjhlVHJxWTVXOVRUVEdhdS9sRzcKL01ybTVwMDE2SzdqeE14VDMrQVJxdjUvZlNiWjEwblI1MzhUcUlBU0hhWTFzMmtzTys2d01LdTk5aVZGMEZCbwpIdzZDekhua3l6NGNPcHQ0QlhmVXdXd1g1U3dBSzl1VkxCZUdzVUdETVhXbThkWmdKMHhwTnQzRERFVT0KLS0tLS1FTkQgQ0VSVElGSUNBVEUtLS0tLQo="
              }
            ],
            "created_at": "2020-11-10 03:35:31.3 +0000 UTC",
            "enabled_cluster_log_types": null,
            "encryption_config": [],
            "endpoint": "https://CC4C3F8BBC13806A3854A64152E0062C.gr7.eu-west-1.eks.amazonaws.com",
            "id": "hamzaelaouane-eks-cluster",
            "identity": [
              {
                "oidc": [
                  {
                    "issuer": "https://oidc.eks.eu-west-1.amazonaws.com/id/CC4C3F8BBC13806A3854A64152E0062C"
                  }
                ]
              }
            ],
            "name": "hamzaelaouane-eks-cluster",
            "platform_version": "eks.4",
            "role_arn": "arn:aws:iam::569551094392:role/hamzaelaouane-EksClusterIAMRole-terraform",
            "status": "ACTIVE",
            "tags": null,
            "timeouts": null,
            "version": "1.16",
            "vpc_config": [
              {
                "cluster_security_group_id": "sg-0d6d49c1b654d3de5",
                "endpoint_private_access": false,
                "endpoint_public_access": true,
                "public_access_cidrs": [
                  "0.0.0.0/0"
                ],
                "security_group_ids": null,
                "subnet_ids": [
                  "subnet-010d35e09f4a17b2b",
                  "subnet-0315218df020c628a",
                  "subnet-08c25f685a4aa8377"
                ],
                "vpc_id": "vpc-1124ca68"
              }
            ]
          },
          "private": "eyJlMmJmYjczMC1lY2FhLTExZTYtOGY4OC0zNDM2M2JjN2M0YzAiOnsiY3JlYXRlIjoxODAwMDAwMDAwMDAwLCJkZWxldGUiOjkwMDAwMDAwMDAwMCwidXBkYXRlIjozNjAwMDAwMDAwMDAwfX0=",
          "dependencies": [
            "aws_iam_role.hamzaVotingApp-eks-cluster",
            "aws_iam_role_policy_attachment.hamzaVotingApp-eks-cluster-AmazonEKSClusterPolicy",
            "aws_iam_role_policy_attachment.hamzaVotingApp-eks-cluster-AmazonEKSServicePolicy",
            "aws_subnet.voting_app_subnet",
            "data.aws_availability_zones.default",
            "data.aws_vpc.default"
          ]
        }
      ]
    },
    {
      "mode": "managed",
      "type": "aws_eks_node_group",
      "name": "hamzaVotingApp_node",
      "provider": "provider[\"registry.terraform.io/hashicorp/aws\"]",
      "instances": [
        {
          "schema_version": 0,
          "attributes": {
            "ami_type": "AL2_x86_64",
            "arn": "arn:aws:eks:eu-west-1:569551094392:nodegroup/hamzaelaouane-eks-cluster/hamzaelaouane-eks-cluster-node-group/74bad823-41d1-635d-c7f9-76cab4d40690",
            "cluster_name": "hamzaelaouane-eks-cluster",
            "disk_size": 20,
            "force_update_version": null,
            "id": "hamzaelaouane-eks-cluster:hamzaelaouane-eks-cluster-node-group",
            "instance_types": [
              "t3.micro"
            ],
            "labels": null,
            "launch_template": [],
            "node_group_name": "hamzaelaouane-eks-cluster-node-group",
            "node_role_arn": "arn:aws:iam::569551094392:role/hamzaelaouane-EksClusterNodeGroup-terraform",
            "release_version": "1.16.13-20201007",
            "remote_access": [
              {
                "ec2_ssh_key": "eks-ssh",
                "source_security_group_ids": [
                  "sg-05815e6434f2894b7"
                ]
              }
            ],
            "resources": [
              {
                "autoscaling_groups": [
                  {
                    "name": "eks-74bad823-41d1-635d-c7f9-76cab4d40690"
                  }
                ],
                "remote_access_security_group_id": "sg-06752691e94156486"
              }
            ],
            "scaling_config": [
              {
                "desired_size": 5,
                "max_size": 5,
                "min_size": 1
              }
            ],
            "status": "ACTIVE",
            "subnet_ids": [
              "subnet-010d35e09f4a17b2b",
              "subnet-0315218df020c628a",
              "subnet-08c25f685a4aa8377"
            ],
            "tags": {
              "Delete": "true",
              "Name": "hamzaelaouane-eks-cluster-tag",
              "Terraform": "true"
            },
            "timeouts": null,
            "version": "1.16"
          },
          "private": "eyJlMmJmYjczMC1lY2FhLTExZTYtOGY4OC0zNDM2M2JjN2M0YzAiOnsiY3JlYXRlIjozNjAwMDAwMDAwMDAwLCJkZWxldGUiOjM2MDAwMDAwMDAwMDAsInVwZGF0ZSI6MzYwMDAwMDAwMDAwMH19",
          "dependencies": [
            "aws_eks_cluster.voting_app_eks_cluster",
            "aws_iam_role.hamzaVotingApp-eks-cluster",
            "aws_iam_role.hamzaVotingApp-eks-cluster-node-group",
            "aws_iam_role_policy_attachment.hamzaVotingApp-eks-cluster-AmazonEKSClusterPolicy",
            "aws_iam_role_policy_attachment.hamzaVotingApp-eks-cluster-AmazonEKSServicePolicy",
            "aws_iam_role_policy_attachment.hamzaVotingApp-eks-cluster-node-group-AmazonEC2ContainerRegistryReadOnly",
            "aws_iam_role_policy_attachment.hamzaVotingApp-eks-cluster-node-group-AmazonEKSWorkerNodePolicy",
            "aws_iam_role_policy_attachment.hamzaVotingApp-eks-cluster-node-group-AmazonEKS_CNI_Policy",
            "aws_key_pair.ssh",
            "aws_security_group.eks_cluster_node_group",
            "aws_subnet.voting_app_subnet",
            "data.aws_availability_zones.default",
            "data.aws_vpc.default"
          ]
        }
      ]
    },
    {
      "mode": "managed",
      "type": "aws_iam_role",
      "name": "hamzaVotingApp-eks-cluster",
      "provider": "provider[\"registry.terraform.io/hashicorp/aws\"]",
      "instances": [
        {
          "schema_version": 0,
          "attributes": {
            "arn": "arn:aws:iam::569551094392:role/hamzaelaouane-EksClusterIAMRole-terraform",
            "assume_role_policy": "{\"Version\":\"2012-10-17\",\"Statement\":[{\"Effect\":\"Allow\",\"Principal\":{\"Service\":\"eks.amazonaws.com\"},\"Action\":\"sts:AssumeRole\"}]}",
            "create_date": "2020-11-10T03:35:26Z",
            "description": "",
            "force_detach_policies": false,
            "id": "hamzaelaouane-EksClusterIAMRole-terraform",
            "max_session_duration": 3600,
            "name": "hamzaelaouane-EksClusterIAMRole-terraform",
            "name_prefix": null,
            "path": "/",
            "permissions_boundary": null,
            "tags": null,
            "unique_id": "AROAYJG7EAJ4OM4XUVZIP"
          },
          "private": "bnVsbA=="
        }
      ]
    },
    {
      "mode": "managed",
      "type": "aws_iam_role",
      "name": "hamzaVotingApp-eks-cluster-node-group",
      "provider": "provider[\"registry.terraform.io/hashicorp/aws\"]",
      "instances": [
        {
          "schema_version": 0,
          "attributes": {
            "arn": "arn:aws:iam::569551094392:role/hamzaelaouane-EksClusterNodeGroup-terraform",
            "assume_role_policy": "{\"Version\":\"2012-10-17\",\"Statement\":[{\"Effect\":\"Allow\",\"Principal\":{\"Service\":\"ec2.amazonaws.com\"},\"Action\":\"sts:AssumeRole\"}]}",
            "create_date": "2020-11-10T03:35:27Z",
            "description": "",
            "force_detach_policies": false,
            "id": "hamzaelaouane-EksClusterNodeGroup-terraform",
            "max_session_duration": 3600,
            "name": "hamzaelaouane-EksClusterNodeGroup-terraform",
            "name_prefix": null,
            "path": "/",
            "permissions_boundary": null,
            "tags": null,
            "unique_id": "AROAYJG7EAJ4OL236SPK5"
          },
          "private": "bnVsbA=="
        }
      ]
    },
    {
      "mode": "managed",
      "type": "aws_iam_role_policy_attachment",
      "name": "hamzaVotingApp-eks-cluster-AmazonEKSClusterPolicy",
      "provider": "provider[\"registry.terraform.io/hashicorp/aws\"]",
      "instances": [
        {
          "schema_version": 0,
          "attributes": {
            "id": "hamzaelaouane-EksClusterIAMRole-terraform-20201110033529474700000001",
            "policy_arn": "arn:aws:iam::aws:policy/AmazonEKSClusterPolicy",
            "role": "hamzaelaouane-EksClusterIAMRole-terraform"
          },
          "private": "bnVsbA==",
          "dependencies": [
            "aws_iam_role.hamzaVotingApp-eks-cluster"
          ]
        }
      ]
    },
    {
      "mode": "managed",
      "type": "aws_iam_role_policy_attachment",
      "name": "hamzaVotingApp-eks-cluster-AmazonEKSServicePolicy",
      "provider": "provider[\"registry.terraform.io/hashicorp/aws\"]",
      "instances": [
        {
          "schema_version": 0,
          "attributes": {
            "id": "hamzaelaouane-EksClusterIAMRole-terraform-20201110033529618400000002",
            "policy_arn": "arn:aws:iam::aws:policy/AmazonEKSServicePolicy",
            "role": "hamzaelaouane-EksClusterIAMRole-terraform"
          },
          "private": "bnVsbA==",
          "dependencies": [
            "aws_iam_role.hamzaVotingApp-eks-cluster"
          ]
        }
      ]
    },
    {
      "mode": "managed",
      "type": "aws_iam_role_policy_attachment",
      "name": "hamzaVotingApp-eks-cluster-node-group-AmazonEC2ContainerRegistryReadOnly",
      "provider": "provider[\"registry.terraform.io/hashicorp/aws\"]",
      "instances": [
        {
          "schema_version": 0,
          "attributes": {
            "id": "hamzaelaouane-EksClusterNodeGroup-terraform-20201110033529710400000003",
            "policy_arn": "arn:aws:iam::aws:policy/AmazonEC2ContainerRegistryReadOnly",
            "role": "hamzaelaouane-EksClusterNodeGroup-terraform"
          },
          "private": "bnVsbA==",
          "dependencies": [
            "aws_iam_role.hamzaVotingApp-eks-cluster-node-group"
          ]
        }
      ]
    },
    {
      "mode": "managed",
      "type": "aws_iam_role_policy_attachment",
      "name": "hamzaVotingApp-eks-cluster-node-group-AmazonEKSWorkerNodePolicy",
      "provider": "provider[\"registry.terraform.io/hashicorp/aws\"]",
      "instances": [
        {
          "schema_version": 0,
          "attributes": {
            "id": "hamzaelaouane-EksClusterNodeGroup-terraform-20201110033529844200000005",
            "policy_arn": "arn:aws:iam::aws:policy/AmazonEKSWorkerNodePolicy",
            "role": "hamzaelaouane-EksClusterNodeGroup-terraform"
          },
          "private": "bnVsbA==",
          "dependencies": [
            "aws_iam_role.hamzaVotingApp-eks-cluster-node-group"
          ]
        }
      ]
    },
    {
      "mode": "managed",
      "type": "aws_iam_role_policy_attachment",
      "name": "hamzaVotingApp-eks-cluster-node-group-AmazonEKS_CNI_Policy",
      "provider": "provider[\"registry.terraform.io/hashicorp/aws\"]",
      "instances": [
        {
          "schema_version": 0,
          "attributes": {
            "id": "hamzaelaouane-EksClusterNodeGroup-terraform-20201110033529758700000004",
            "policy_arn": "arn:aws:iam::aws:policy/AmazonEKS_CNI_Policy",
            "role": "hamzaelaouane-EksClusterNodeGroup-terraform"
          },
          "private": "bnVsbA==",
          "dependencies": [
            "aws_iam_role.hamzaVotingApp-eks-cluster-node-group"
          ]
        }
      ]
    },
    {
      "mode": "managed",
      "type": "aws_key_pair",
      "name": "ssh",
      "provider": "provider[\"registry.terraform.io/hashicorp/aws\"]",
      "instances": [
        {
          "schema_version": 1,
          "attributes": {
            "arn": "arn:aws:ec2:eu-west-1:569551094392:key-pair/eks-ssh",
            "fingerprint": "96:2e:0d:17:c5:5e:bb:06:fc:bf:af:8d:75:eb:01:fb",
            "id": "eks-ssh",
            "key_name": "eks-ssh",
            "key_name_prefix": null,
            "key_pair_id": "key-065d943d8c98f98a4",
            "public_key": "ssh-rsa AAAAB3NzaC1yc2EAAAADAQABAAABgQCpDrysk+zMfJF52NWR0fLIcbQRPRG4KsyjxQvRz22OPXMQBZEgHD7dBIfHwhhm1Rkn5geOnLGkkTIj9Q5K3aLEYLb3Ygrlsuo50HNJsrB3yToeWk4sBhqBh29SxNXIYLsGtqQIIQHYQ5MxpAbRQA3O0LLmOgGvR2kghUuZ5L6q4TH4JkVrGluOgUHNjMhDaiKEoQXwI5fG4P0DnFHjwSwHrdrk7zAIrZfhZznZX9weVSQUIRPk0omBwLACr5WTkbmVL2zEXaErhBzvyVgq4jdQtVM5CNer9AKFDI/xOyTzRLmFTTrHOINgrhi2Ne7jF9NNvLIgYJRL/usGGMURz7YhCZz0fYlfPfvapisYUNL0NtZa33tJIjHF2uOXp5Tjuht804nk24e79bhfXaEf2CmUe8oRoAWWeN5DFkBYYQ+wbsfYDliULomsA7/Q6oYdPlwmNJmiIgMve9WTmfBTjpGtoI1hCk0k9PQ/V3glmSpkZvqjmZNQ4b1k2KoghDes3tc= nayden@nayden-Lenovo-ideapad-510-15ISK",
            "tags": null
          },
          "private": "eyJzY2hlbWFfdmVyc2lvbiI6IjEifQ=="
        }
      ]
    },
    {
      "mode": "managed",
      "type": "aws_security_group",
      "name": "eks_cluster_node_group",
      "provider": "provider[\"registry.terraform.io/hashicorp/aws\"]",
      "instances": [
        {
          "schema_version": 1,
          "attributes": {
            "arn": "arn:aws:ec2:eu-west-1:569551094392:security-group/sg-05815e6434f2894b7",
            "description": "Allow TLS inbound traffic",
            "egress": [
              {
                "cidr_blocks": [
                  "0.0.0.0/0"
                ],
                "description": "Allow all outbound traffic",
                "from_port": 0,
                "ipv6_cidr_blocks": [],
                "prefix_list_ids": [],
                "protocol": "-1",
                "security_groups": [],
                "self": false,
                "to_port": 0
              }
            ],
            "id": "sg-05815e6434f2894b7",
            "ingress": [
              {
                "cidr_blocks": [
                  "0.0.0.0/0"
                ],
                "description": "Allow incoming SSH traffic",
                "from_port": 22,
                "ipv6_cidr_blocks": [],
                "prefix_list_ids": [],
                "protocol": "tcp",
                "security_groups": [],
                "self": false,
                "to_port": 22
              }
            ],
            "name": "EKSClusterNodeGroupSecurityGroup",
            "name_prefix": "",
            "owner_id": "569551094392",
            "revoke_rules_on_delete": false,
            "tags": {
              "Delete": "true",
              "Name": "hamzaelaouane-eks-cluster-tag",
              "Terraform": "true",
              "kubernetes.io/cluster/hamzaelaouane-eks-cluster": "owned"
            },
            "timeouts": null,
            "vpc_id": "vpc-1124ca68"
          },
          "private": "eyJlMmJmYjczMC1lY2FhLTExZTYtOGY4OC0zNDM2M2JjN2M0YzAiOnsiY3JlYXRlIjo2MDAwMDAwMDAwMDAsImRlbGV0ZSI6NjAwMDAwMDAwMDAwfSwic2NoZW1hX3ZlcnNpb24iOiIxIn0=",
          "dependencies": [
            "data.aws_vpc.default"
          ]
        }
      ]
    },
    {
      "mode": "managed",
      "type": "aws_security_group_rule",
      "name": "this",
      "provider": "provider[\"registry.terraform.io/hashicorp/aws\"]",
      "instances": [
        {
          "index_key": "22",
          "schema_version": 2,
          "attributes": {
            "cidr_blocks": [
              "0.0.0.0/0"
            ],
            "description": null,
            "from_port": 22,
            "id": "sgrule-25713319",
            "ipv6_cidr_blocks": null,
            "prefix_list_ids": null,
            "protocol": "tcp",
            "security_group_id": "sg-06752691e94156486",
            "self": false,
            "source_security_group_id": null,
            "to_port": 22,
            "type": "ingress"
          },
          "private": "eyJzY2hlbWFfdmVyc2lvbiI6IjIifQ==",
          "dependencies": [
            "aws_eks_cluster.voting_app_eks_cluster",
            "aws_eks_node_group.hamzaVotingApp_node",
            "aws_iam_role.hamzaVotingApp-eks-cluster",
            "aws_iam_role.hamzaVotingApp-eks-cluster-node-group",
            "aws_iam_role_policy_attachment.hamzaVotingApp-eks-cluster-AmazonEKSClusterPolicy",
            "aws_iam_role_policy_attachment.hamzaVotingApp-eks-cluster-AmazonEKSServicePolicy",
            "aws_iam_role_policy_attachment.hamzaVotingApp-eks-cluster-node-group-AmazonEC2ContainerRegistryReadOnly",
            "aws_iam_role_policy_attachment.hamzaVotingApp-eks-cluster-node-group-AmazonEKSWorkerNodePolicy",
            "aws_iam_role_policy_attachment.hamzaVotingApp-eks-cluster-node-group-AmazonEKS_CNI_Policy",
            "aws_key_pair.ssh",
            "aws_security_group.eks_cluster_node_group",
            "aws_subnet.voting_app_subnet",
            "data.aws_availability_zones.default",
            "data.aws_vpc.default"
          ]
        },
        {
          "index_key": "31000",
          "schema_version": 2,
          "attributes": {
            "cidr_blocks": [
              "0.0.0.0/0"
            ],
            "description": null,
            "from_port": 31000,
            "id": "sgrule-3934161629",
            "ipv6_cidr_blocks": null,
            "prefix_list_ids": null,
            "protocol": "tcp",
            "security_group_id": "sg-06752691e94156486",
            "self": false,
            "source_security_group_id": null,
            "to_port": 31000,
            "type": "ingress"
          },
          "private": "eyJzY2hlbWFfdmVyc2lvbiI6IjIifQ==",
          "dependencies": [
            "aws_eks_cluster.voting_app_eks_cluster",
            "aws_eks_node_group.hamzaVotingApp_node",
            "aws_iam_role.hamzaVotingApp-eks-cluster",
            "aws_iam_role.hamzaVotingApp-eks-cluster-node-group",
            "aws_iam_role_policy_attachment.hamzaVotingApp-eks-cluster-AmazonEKSClusterPolicy",
            "aws_iam_role_policy_attachment.hamzaVotingApp-eks-cluster-AmazonEKSServicePolicy",
            "aws_iam_role_policy_attachment.hamzaVotingApp-eks-cluster-node-group-AmazonEC2ContainerRegistryReadOnly",
            "aws_iam_role_policy_attachment.hamzaVotingApp-eks-cluster-node-group-AmazonEKSWorkerNodePolicy",
            "aws_iam_role_policy_attachment.hamzaVotingApp-eks-cluster-node-group-AmazonEKS_CNI_Policy",
            "aws_key_pair.ssh",
            "aws_security_group.eks_cluster_node_group",
            "aws_subnet.voting_app_subnet",
            "data.aws_availability_zones.default",
            "data.aws_vpc.default"
          ]
        },
        {
          "index_key": "31001",
          "schema_version": 2,
          "attributes": {
            "cidr_blocks": [
              "0.0.0.0/0"
            ],
            "description": null,
            "from_port": 31001,
            "id": "sgrule-1463487730",
            "ipv6_cidr_blocks": null,
            "prefix_list_ids": null,
            "protocol": "tcp",
            "security_group_id": "sg-06752691e94156486",
            "self": false,
            "source_security_group_id": null,
            "to_port": 31001,
            "type": "ingress"
          },
          "private": "eyJzY2hlbWFfdmVyc2lvbiI6IjIifQ==",
          "dependencies": [
            "aws_eks_cluster.voting_app_eks_cluster",
            "aws_eks_node_group.hamzaVotingApp_node",
            "aws_iam_role.hamzaVotingApp-eks-cluster",
            "aws_iam_role.hamzaVotingApp-eks-cluster-node-group",
            "aws_iam_role_policy_attachment.hamzaVotingApp-eks-cluster-AmazonEKSClusterPolicy",
            "aws_iam_role_policy_attachment.hamzaVotingApp-eks-cluster-AmazonEKSServicePolicy",
            "aws_iam_role_policy_attachment.hamzaVotingApp-eks-cluster-node-group-AmazonEC2ContainerRegistryReadOnly",
            "aws_iam_role_policy_attachment.hamzaVotingApp-eks-cluster-node-group-AmazonEKSWorkerNodePolicy",
            "aws_iam_role_policy_attachment.hamzaVotingApp-eks-cluster-node-group-AmazonEKS_CNI_Policy",
            "aws_key_pair.ssh",
            "aws_security_group.eks_cluster_node_group",
            "aws_subnet.voting_app_subnet",
            "data.aws_availability_zones.default",
            "data.aws_vpc.default"
          ]
        }
      ]
    },
    {
      "mode": "managed",
      "type": "aws_subnet",
      "name": "voting_app_subnet",
      "provider": "provider[\"registry.terraform.io/hashicorp/aws\"]",
      "instances": [
        {
          "index_key": 0,
          "schema_version": 1,
          "attributes": {
            "arn": "arn:aws:ec2:eu-west-1:569551094392:subnet/subnet-0315218df020c628a",
            "assign_ipv6_address_on_creation": false,
            "availability_zone": "eu-west-1a",
            "availability_zone_id": "euw1-az2",
            "cidr_block": "172.31.100.0/24",
            "id": "subnet-0315218df020c628a",
            "ipv6_cidr_block": "",
            "ipv6_cidr_block_association_id": "",
            "map_public_ip_on_launch": true,
            "outpost_arn": "",
            "owner_id": "569551094392",
            "tags": {
              "Delete": "true",
              "Name": "hamzaelaouane-eks-cluster-tag",
              "Terraform": "true",
              "kubernetes.io/cluster/hamzaelaouane-eks-cluster": "shared"
            },
            "timeouts": null,
            "vpc_id": "vpc-1124ca68"
          },
          "private": "eyJlMmJmYjczMC1lY2FhLTExZTYtOGY4OC0zNDM2M2JjN2M0YzAiOnsiY3JlYXRlIjo2MDAwMDAwMDAwMDAsImRlbGV0ZSI6MTIwMDAwMDAwMDAwMH0sInNjaGVtYV92ZXJzaW9uIjoiMSJ9",
          "dependencies": [
            "data.aws_availability_zones.default",
            "data.aws_vpc.default"
          ]
        },
        {
          "index_key": 1,
          "schema_version": 1,
          "attributes": {
            "arn": "arn:aws:ec2:eu-west-1:569551094392:subnet/subnet-010d35e09f4a17b2b",
            "assign_ipv6_address_on_creation": false,
            "availability_zone": "eu-west-1b",
            "availability_zone_id": "euw1-az3",
            "cidr_block": "172.31.101.0/24",
            "id": "subnet-010d35e09f4a17b2b",
            "ipv6_cidr_block": "",
            "ipv6_cidr_block_association_id": "",
            "map_public_ip_on_launch": true,
            "outpost_arn": "",
            "owner_id": "569551094392",
            "tags": {
              "Delete": "true",
              "Name": "hamzaelaouane-eks-cluster-tag",
              "Terraform": "true",
              "kubernetes.io/cluster/hamzaelaouane-eks-cluster": "shared"
            },
            "timeouts": null,
            "vpc_id": "vpc-1124ca68"
          },
          "private": "eyJlMmJmYjczMC1lY2FhLTExZTYtOGY4OC0zNDM2M2JjN2M0YzAiOnsiY3JlYXRlIjo2MDAwMDAwMDAwMDAsImRlbGV0ZSI6MTIwMDAwMDAwMDAwMH0sInNjaGVtYV92ZXJzaW9uIjoiMSJ9",
          "dependencies": [
            "data.aws_availability_zones.default",
            "data.aws_vpc.default"
          ]
        },
        {
          "index_key": 2,
          "schema_version": 1,
          "attributes": {
            "arn": "arn:aws:ec2:eu-west-1:569551094392:subnet/subnet-08c25f685a4aa8377",
            "assign_ipv6_address_on_creation": false,
            "availability_zone": "eu-west-1c",
            "availability_zone_id": "euw1-az1",
            "cidr_block": "172.31.102.0/24",
            "id": "subnet-08c25f685a4aa8377",
            "ipv6_cidr_block": "",
            "ipv6_cidr_block_association_id": "",
            "map_public_ip_on_launch": true,
            "outpost_arn": "",
            "owner_id": "569551094392",
            "tags": {
              "Delete": "true",
              "Name": "hamzaelaouane-eks-cluster-tag",
              "Terraform": "true",
              "kubernetes.io/cluster/hamzaelaouane-eks-cluster": "shared"
            },
            "timeouts": null,
            "vpc_id": "vpc-1124ca68"
          },
          "private": "eyJlMmJmYjczMC1lY2FhLTExZTYtOGY4OC0zNDM2M2JjN2M0YzAiOnsiY3JlYXRlIjo2MDAwMDAwMDAwMDAsImRlbGV0ZSI6MTIwMDAwMDAwMDAwMH0sInNjaGVtYV92ZXJzaW9uIjoiMSJ9",
          "dependencies": [
            "data.aws_availability_zones.default",
            "data.aws_vpc.default"
          ]
        }
      ]
    }
  ]
}
