{
  "version": 4,
  "terraform_version": "0.12.24",
  "serial": 445,
  "lineage": "9499a6fb-b1fc-104f-6822-afbc17fbe5a2",
  "outputs": {
    "aws_availability_zones": {
      "value": {
        "all_availability_zones": null,
        "exclude_names": null,
        "exclude_zone_ids": null,
        "filter": null,
        "group_names": [
          "eu-west-1"
        ],
        "id": "eu-west-1",
        "names": [
          "eu-west-1a",
          "eu-west-1b",
          "eu-west-1c"
        ],
        "state": "available",
        "zone_ids": [
          "euw1-az2",
          "euw1-az3",
          "euw1-az1"
        ]
      },
      "type": [
        "object",
        {
          "all_availability_zones": "bool",
          "exclude_names": [
            "set",
            "string"
          ],
          "exclude_zone_ids": [
            "set",
            "string"
          ],
          "filter": [
            "set",
            [
              "object",
              {
                "name": "string",
                "values": [
                  "set",
                  "string"
                ]
              }
            ]
          ],
          "group_names": [
            "set",
            "string"
          ],
          "id": "string",
          "names": [
            "list",
            "string"
          ],
          "state": "string",
          "zone_ids": [
            "list",
            "string"
          ]
        }
      ]
    },
    "aws_eks_node_group": {
      "value": "hamzaelaouane-eks-cluster:hamzaelaouane-eks-cluster-node-group",
      "type": "string"
    },
    "aws_iam_role_hamzaelaouane_eks_cluster": {
      "value": "hamzaelaouane-EksClusterIAMRole-terraform",
      "type": "string"
    },
    "aws_iam_role_hamzaelaouane_eks_cluster_node_group": {
      "value": "hamzaelaouane-EksClusterNodeGroup-terraform",
      "type": "string"
    },
    "aws_key_pair": {
      "value": "eks-ssh",
      "type": "string"
    },
    "aws_sg_hamzaelaouane_eks_cluster_node_group": {
      "value": "EKSClusterNodeGroupSecurityGroup",
      "type": "string"
    },
    "aws_subnet_list_of_ids": {
      "value": [
        "subnet-0499188660928842a",
        "subnet-0da25ed5194ed6947",
        "subnet-02336a73e77886914"
      ],
      "type": [
        "tuple",
        [
          "string",
          "string",
          "string"
        ]
      ]
    },
    "endpoint": {
      "value": "https://94F2F87CB0488C4B843B7DF21DF27EE3.gr7.eu-west-1.eks.amazonaws.com",
      "type": "string"
    },
    "kubeconfig-certificate-authority-data": {
      "value": "LS0tLS1CRUdJTiBDRVJUSUZJQ0FURS0tLS0tCk1JSUN5RENDQWJDZ0F3SUJBZ0lCQURBTkJna3Foa2lHOXcwQkFRc0ZBREFWTVJNd0VRWURWUVFERXdwcmRXSmwKY201bGRHVnpNQjRYRFRJd01URXdPVEUyTkRFMU0xb1hEVE13TVRFd056RTJOREUxTTFvd0ZURVRNQkVHQTFVRQpBeE1LYTNWaVpYSnVaWFJsY3pDQ0FTSXdEUVlKS29aSWh2Y05BUUVCQlFBRGdnRVBBRENDQVFvQ2dnRUJBS3luClZudnBaMWdiQnJFVkxNR2djdWhObjFWTWZhSitBOXM4a0N4SkdXVzNvaVJLcEpoeS8wTm1RS3hvWFV3eWtFS3cKaHVGbHJKZUhCank0ajBHQVFUNjJlWTNKQytkNXNSTWFsd0s2Wk9Zem9VVVE2OGZ2VE5rbG5yUGtNa3E4M3UvUwpBOHNCaXBZV3FKTW0yWHVTa3Vhb2owZDBHcWNWbVNlRnBJWUF2MXJvMVhscU9iWG1JaU9oSXlaUm5oOUlFd281CldNSDh1SXNrTVVubnNQd1JOYW1YQTl4NUk5Z0NXRy9kS1IrKzZLRy9TSUZuaVkySVZZZ0srU0g0cDVNaThPYWgKV3Rpbnp3b1FRRXJYWm83aXl6cWpMR3JxdkQ0WUg5WXhQdVlndkFLdUY2NGhQQkx2VlR3SUw2SUg3bit6cU5TTwpwNFhYQ3JTUCsxaEZESGxKYmRjQ0F3RUFBYU1qTUNFd0RnWURWUjBQQVFIL0JBUURBZ0trTUE4R0ExVWRFd0VCCi93UUZNQU1CQWY4d0RRWUpLb1pJaHZjTkFRRUxCUUFEZ2dFQkFFMUo4ckM0VkZacy9LbmVDcXUwQlRDOXdUUDEKQnV6OHRWc3RwK0VKRkVZbTRhbnZ1eEg5cVVqMVlhSC9hRERyT2FTSDM0SDdZcGdVVEJVVENXMXN0QUhIckVlbwpaa2tKNEJ6TzQzWlA5Rk40K3cwYXkxUzdYaWpmRWdjR2libEIxYU9CanhESmQzU3AybHZ5N2R1WmV4QUNaWDdUCndqL0lzMHdOVHB3NEY3aFNIeFdqVWQvRWxDZ1hpbEE2T2VlRkRJOEQ2SGd5djg2M0VSWG51K1psRVozbXlRb2kKMDNGNWNKaUU2bnFOU1AxaG9sMnpQaHd5VERwaDBLaEdvYlkyWTYyYzUzdkgyVDUzSXlZclMwSHlXdDF4OXBLdQpCSERZUndrR1ZnblNWWEg0a2k1NmFWWXVIcEVEdElaLzZRZkJNWFlmRiszSVBycEhpcHFwQWVUbVpPaz0KLS0tLS1FTkQgQ0VSVElGSUNBVEUtLS0tLQo=",
      "type": "string"
    },
    "vpc_id": {
      "value": "vpc-1124ca68",
      "type": "string"
    }
  },
  "resources": [
    {
      "mode": "data",
      "type": "aws_availability_zones",
      "name": "default",
      "provider": "provider.aws",
      "instances": [
        {
          "schema_version": 0,
          "attributes": {
            "all_availability_zones": null,
            "exclude_names": null,
            "exclude_zone_ids": null,
            "filter": null,
            "group_names": [
              "eu-west-1"
            ],
            "id": "eu-west-1",
            "names": [
              "eu-west-1a",
              "eu-west-1b",
              "eu-west-1c"
            ],
            "state": "available",
            "zone_ids": [
              "euw1-az2",
              "euw1-az3",
              "euw1-az1"
            ]
          }
        }
      ]
    },
    {
      "mode": "data",
      "type": "aws_subnet_ids",
      "name": "default",
      "provider": "provider.aws",
      "instances": [
        {
          "schema_version": 0,
          "attributes": {
            "filter": null,
            "id": "vpc-1124ca68",
            "ids": [
              "subnet-709df82a",
              "subnet-7f500b19",
              "subnet-dcbc9794"
            ],
            "tags": null,
            "vpc_id": "vpc-1124ca68"
          }
        }
      ]
    },
    {
      "mode": "data",
      "type": "aws_vpc",
      "name": "default",
      "provider": "provider.aws",
      "instances": [
        {
          "schema_version": 0,
          "attributes": {
            "arn": "arn:aws:ec2:eu-west-1:569551094392:vpc/vpc-1124ca68",
            "cidr_block": "172.31.0.0/16",
            "cidr_block_associations": [
              {
                "association_id": "vpc-cidr-assoc-75180e1e",
                "cidr_block": "172.31.0.0/16",
                "state": "associated"
              }
            ],
            "default": true,
            "dhcp_options_id": "dopt-5ad48d3c",
            "enable_dns_hostnames": true,
            "enable_dns_support": true,
            "filter": null,
            "id": "vpc-1124ca68",
            "instance_tenancy": "default",
            "ipv6_association_id": null,
            "ipv6_cidr_block": null,
            "main_route_table_id": "rtb-ed524294",
            "owner_id": "569551094392",
            "state": "available",
            "tags": {}
          }
        }
      ]
    },
    {
      "mode": "managed",
      "type": "aws_eks_cluster",
      "name": "voting_app_eks_cluster",
      "provider": "provider.aws",
      "instances": [
        {
          "schema_version": 0,
          "attributes": {
            "arn": "arn:aws:eks:eu-west-1:569551094392:cluster/hamzaelaouane-eks-cluster",
            "certificate_authority": [
              {
                "data": "LS0tLS1CRUdJTiBDRVJUSUZJQ0FURS0tLS0tCk1JSUN5RENDQWJDZ0F3SUJBZ0lCQURBTkJna3Foa2lHOXcwQkFRc0ZBREFWTVJNd0VRWURWUVFERXdwcmRXSmwKY201bGRHVnpNQjRYRFRJd01URXdPVEUyTkRFMU0xb1hEVE13TVRFd056RTJOREUxTTFvd0ZURVRNQkVHQTFVRQpBeE1LYTNWaVpYSnVaWFJsY3pDQ0FTSXdEUVlKS29aSWh2Y05BUUVCQlFBRGdnRVBBRENDQVFvQ2dnRUJBS3luClZudnBaMWdiQnJFVkxNR2djdWhObjFWTWZhSitBOXM4a0N4SkdXVzNvaVJLcEpoeS8wTm1RS3hvWFV3eWtFS3cKaHVGbHJKZUhCank0ajBHQVFUNjJlWTNKQytkNXNSTWFsd0s2Wk9Zem9VVVE2OGZ2VE5rbG5yUGtNa3E4M3UvUwpBOHNCaXBZV3FKTW0yWHVTa3Vhb2owZDBHcWNWbVNlRnBJWUF2MXJvMVhscU9iWG1JaU9oSXlaUm5oOUlFd281CldNSDh1SXNrTVVubnNQd1JOYW1YQTl4NUk5Z0NXRy9kS1IrKzZLRy9TSUZuaVkySVZZZ0srU0g0cDVNaThPYWgKV3Rpbnp3b1FRRXJYWm83aXl6cWpMR3JxdkQ0WUg5WXhQdVlndkFLdUY2NGhQQkx2VlR3SUw2SUg3bit6cU5TTwpwNFhYQ3JTUCsxaEZESGxKYmRjQ0F3RUFBYU1qTUNFd0RnWURWUjBQQVFIL0JBUURBZ0trTUE4R0ExVWRFd0VCCi93UUZNQU1CQWY4d0RRWUpLb1pJaHZjTkFRRUxCUUFEZ2dFQkFFMUo4ckM0VkZacy9LbmVDcXUwQlRDOXdUUDEKQnV6OHRWc3RwK0VKRkVZbTRhbnZ1eEg5cVVqMVlhSC9hRERyT2FTSDM0SDdZcGdVVEJVVENXMXN0QUhIckVlbwpaa2tKNEJ6TzQzWlA5Rk40K3cwYXkxUzdYaWpmRWdjR2libEIxYU9CanhESmQzU3AybHZ5N2R1WmV4QUNaWDdUCndqL0lzMHdOVHB3NEY3aFNIeFdqVWQvRWxDZ1hpbEE2T2VlRkRJOEQ2SGd5djg2M0VSWG51K1psRVozbXlRb2kKMDNGNWNKaUU2bnFOU1AxaG9sMnpQaHd5VERwaDBLaEdvYlkyWTYyYzUzdkgyVDUzSXlZclMwSHlXdDF4OXBLdQpCSERZUndrR1ZnblNWWEg0a2k1NmFWWXVIcEVEdElaLzZRZkJNWFlmRiszSVBycEhpcHFwQWVUbVpPaz0KLS0tLS1FTkQgQ0VSVElGSUNBVEUtLS0tLQo="
              }
            ],
            "created_at": "2020-11-09 16:32:11.652 +0000 UTC",
            "enabled_cluster_log_types": null,
            "encryption_config": [],
            "endpoint": "https://94F2F87CB0488C4B843B7DF21DF27EE3.gr7.eu-west-1.eks.amazonaws.com",
            "id": "hamzaelaouane-eks-cluster",
            "identity": [
              {
                "oidc": [
                  {
                    "issuer": "https://oidc.eks.eu-west-1.amazonaws.com/id/94F2F87CB0488C4B843B7DF21DF27EE3"
                  }
                ]
              }
            ],
            "name": "hamzaelaouane-eks-cluster",
            "platform_version": "eks.4",
            "role_arn": "arn:aws:iam::569551094392:role/hamzaelaouane-EksClusterIAMRole-terraform",
            "status": "ACTIVE",
            "tags": null,
            "timeouts": null,
            "version": "1.16",
            "vpc_config": [
              {
                "cluster_security_group_id": "sg-0097cd3a4ed88f645",
                "endpoint_private_access": false,
                "endpoint_public_access": true,
                "public_access_cidrs": [
                  "0.0.0.0/0"
                ],
                "security_group_ids": null,
                "subnet_ids": [
                  "subnet-02336a73e77886914",
                  "subnet-0499188660928842a",
                  "subnet-0da25ed5194ed6947"
                ],
                "vpc_id": "vpc-1124ca68"
              }
            ]
          },
          "private": "eyJlMmJmYjczMC1lY2FhLTExZTYtOGY4OC0zNDM2M2JjN2M0YzAiOnsiY3JlYXRlIjoxODAwMDAwMDAwMDAwLCJkZWxldGUiOjkwMDAwMDAwMDAwMCwidXBkYXRlIjozNjAwMDAwMDAwMDAwfX0=",
          "dependencies": [
            "aws_iam_role.hamzaVotingApp-eks-cluster",
            "aws_iam_role_policy_attachment.hamzaVotingApp-eks-cluster-AmazonEKSClusterPolicy",
            "aws_iam_role_policy_attachment.hamzaVotingApp-eks-cluster-AmazonEKSServicePolicy",
            "aws_subnet.voting_app_subnet"
          ]
        }
      ]
    },
    {
      "mode": "managed",
      "type": "aws_eks_node_group",
      "name": "hamzaVotingApp_node",
      "provider": "provider.aws",
      "instances": [
        {
          "schema_version": 0,
          "attributes": {
            "ami_type": "AL2_x86_64",
            "arn": "arn:aws:eks:eu-west-1:569551094392:nodegroup/hamzaelaouane-eks-cluster/hamzaelaouane-eks-cluster-node-group/cebad6f4-4595-00d0-bc3c-aa348eff06f9",
            "cluster_name": "hamzaelaouane-eks-cluster",
            "disk_size": 20,
            "force_update_version": null,
            "id": "hamzaelaouane-eks-cluster:hamzaelaouane-eks-cluster-node-group",
            "instance_types": [
              "t3.micro"
            ],
            "labels": null,
            "launch_template": [],
            "node_group_name": "hamzaelaouane-eks-cluster-node-group",
            "node_role_arn": "arn:aws:iam::569551094392:role/hamzaelaouane-EksClusterNodeGroup-terraform",
            "release_version": "1.16.13-20201007",
            "remote_access": [
              {
                "ec2_ssh_key": "eks-ssh",
                "source_security_group_ids": [
                  "sg-0b5ecd7f40e21cd5f"
                ]
              }
            ],
            "resources": [
              {
                "autoscaling_groups": [
                  {
                    "name": "eks-cebad6f4-4595-00d0-bc3c-aa348eff06f9"
                  }
                ],
                "remote_access_security_group_id": "sg-072ec710b123ac45e"
              }
            ],
            "scaling_config": [
              {
                "desired_size": 5,
                "max_size": 5,
                "min_size": 1
              }
            ],
            "status": "ACTIVE",
            "subnet_ids": [
              "subnet-02336a73e77886914",
              "subnet-0499188660928842a",
              "subnet-0da25ed5194ed6947"
            ],
            "tags": {
              "Delete": "true",
              "Name": "hamzaelaouane-eks-cluster-tag",
              "Terraform": "true"
            },
            "timeouts": null,
            "version": "1.16"
          },
          "private": "eyJlMmJmYjczMC1lY2FhLTExZTYtOGY4OC0zNDM2M2JjN2M0YzAiOnsiY3JlYXRlIjozNjAwMDAwMDAwMDAwLCJkZWxldGUiOjM2MDAwMDAwMDAwMDAsInVwZGF0ZSI6MzYwMDAwMDAwMDAwMH19",
          "dependencies": [
            "aws_eks_cluster.voting_app_eks_cluster",
            "aws_iam_role.hamzaVotingApp-eks-cluster",
            "aws_iam_role.hamzaVotingApp-eks-cluster-node-group",
            "aws_iam_role_policy_attachment.hamzaVotingApp-eks-cluster-AmazonEKSClusterPolicy",
            "aws_iam_role_policy_attachment.hamzaVotingApp-eks-cluster-AmazonEKSServicePolicy",
            "aws_iam_role_policy_attachment.hamzaVotingApp-eks-cluster-node-group-AmazonEC2ContainerRegistryReadOnly",
            "aws_iam_role_policy_attachment.hamzaVotingApp-eks-cluster-node-group-AmazonEKSWorkerNodePolicy",
            "aws_iam_role_policy_attachment.hamzaVotingApp-eks-cluster-node-group-AmazonEKS_CNI_Policy",
            "aws_key_pair.ssh",
            "aws_security_group.eks_cluster_node_group",
            "aws_subnet.voting_app_subnet"
          ]
        }
      ]
    },
    {
      "mode": "managed",
      "type": "aws_iam_role",
      "name": "hamzaVotingApp-eks-cluster",
      "provider": "provider.aws",
      "instances": [
        {
          "schema_version": 0,
          "attributes": {
            "arn": "arn:aws:iam::569551094392:role/hamzaelaouane-EksClusterIAMRole-terraform",
            "assume_role_policy": "{\"Version\":\"2012-10-17\",\"Statement\":[{\"Effect\":\"Allow\",\"Principal\":{\"Service\":\"eks.amazonaws.com\"},\"Action\":\"sts:AssumeRole\"}]}",
            "create_date": "2020-11-09T16:32:07Z",
            "description": "",
            "force_detach_policies": false,
            "id": "hamzaelaouane-EksClusterIAMRole-terraform",
            "max_session_duration": 3600,
            "name": "hamzaelaouane-EksClusterIAMRole-terraform",
            "name_prefix": null,
            "path": "/",
            "permissions_boundary": null,
            "tags": null,
            "unique_id": "AROAYJG7EAJ4OVG756O25"
          },
          "private": "bnVsbA=="
        }
      ]
    },
    {
      "mode": "managed",
      "type": "aws_iam_role",
      "name": "hamzaVotingApp-eks-cluster-node-group",
      "provider": "provider.aws",
      "instances": [
        {
          "schema_version": 0,
          "attributes": {
            "arn": "arn:aws:iam::569551094392:role/hamzaelaouane-EksClusterNodeGroup-terraform",
            "assume_role_policy": "{\"Version\":\"2012-10-17\",\"Statement\":[{\"Effect\":\"Allow\",\"Principal\":{\"Service\":\"ec2.amazonaws.com\"},\"Action\":\"sts:AssumeRole\"}]}",
            "create_date": "2020-11-09T16:32:07Z",
            "description": "",
            "force_detach_policies": false,
            "id": "hamzaelaouane-EksClusterNodeGroup-terraform",
            "max_session_duration": 3600,
            "name": "hamzaelaouane-EksClusterNodeGroup-terraform",
            "name_prefix": null,
            "path": "/",
            "permissions_boundary": null,
            "tags": null,
            "unique_id": "AROAYJG7EAJ4I24YG4HJV"
          },
          "private": "bnVsbA=="
        }
      ]
    },
    {
      "mode": "managed",
      "type": "aws_iam_role_policy_attachment",
      "name": "hamzaVotingApp-eks-cluster-AmazonEKSClusterPolicy",
      "provider": "provider.aws",
      "instances": [
        {
          "schema_version": 0,
          "attributes": {
            "id": "hamzaelaouane-EksClusterIAMRole-terraform-20201109163209040700000002",
            "policy_arn": "arn:aws:iam::aws:policy/AmazonEKSClusterPolicy",
            "role": "hamzaelaouane-EksClusterIAMRole-terraform"
          },
          "private": "bnVsbA==",
          "dependencies": [
            "aws_iam_role.hamzaVotingApp-eks-cluster"
          ]
        }
      ]
    },
    {
      "mode": "managed",
      "type": "aws_iam_role_policy_attachment",
      "name": "hamzaVotingApp-eks-cluster-AmazonEKSServicePolicy",
      "provider": "provider.aws",
      "instances": [
        {
          "schema_version": 0,
          "attributes": {
            "id": "hamzaelaouane-EksClusterIAMRole-terraform-20201109163208815300000001",
            "policy_arn": "arn:aws:iam::aws:policy/AmazonEKSServicePolicy",
            "role": "hamzaelaouane-EksClusterIAMRole-terraform"
          },
          "private": "bnVsbA==",
          "dependencies": [
            "aws_iam_role.hamzaVotingApp-eks-cluster"
          ]
        }
      ]
    },
    {
      "mode": "managed",
      "type": "aws_iam_role_policy_attachment",
      "name": "hamzaVotingApp-eks-cluster-node-group-AmazonEC2ContainerRegistryReadOnly",
      "provider": "provider.aws",
      "instances": [
        {
          "schema_version": 0,
          "attributes": {
            "id": "hamzaelaouane-EksClusterNodeGroup-terraform-20201109163209106700000003",
            "policy_arn": "arn:aws:iam::aws:policy/AmazonEC2ContainerRegistryReadOnly",
            "role": "hamzaelaouane-EksClusterNodeGroup-terraform"
          },
          "private": "bnVsbA==",
          "dependencies": [
            "aws_iam_role.hamzaVotingApp-eks-cluster-node-group"
          ]
        }
      ]
    },
    {
      "mode": "managed",
      "type": "aws_iam_role_policy_attachment",
      "name": "hamzaVotingApp-eks-cluster-node-group-AmazonEKSWorkerNodePolicy",
      "provider": "provider.aws",
      "instances": [
        {
          "schema_version": 0,
          "attributes": {
            "id": "hamzaelaouane-EksClusterNodeGroup-terraform-20201109163209279600000005",
            "policy_arn": "arn:aws:iam::aws:policy/AmazonEKSWorkerNodePolicy",
            "role": "hamzaelaouane-EksClusterNodeGroup-terraform"
          },
          "private": "bnVsbA==",
          "dependencies": [
            "aws_iam_role.hamzaVotingApp-eks-cluster-node-group"
          ]
        }
      ]
    },
    {
      "mode": "managed",
      "type": "aws_iam_role_policy_attachment",
      "name": "hamzaVotingApp-eks-cluster-node-group-AmazonEKS_CNI_Policy",
      "provider": "provider.aws",
      "instances": [
        {
          "schema_version": 0,
          "attributes": {
            "id": "hamzaelaouane-EksClusterNodeGroup-terraform-20201109163209159100000004",
            "policy_arn": "arn:aws:iam::aws:policy/AmazonEKS_CNI_Policy",
            "role": "hamzaelaouane-EksClusterNodeGroup-terraform"
          },
          "private": "bnVsbA==",
          "dependencies": [
            "aws_iam_role.hamzaVotingApp-eks-cluster-node-group"
          ]
        }
      ]
    },
    {
      "mode": "managed",
      "type": "aws_key_pair",
      "name": "ssh",
      "provider": "provider.aws",
      "instances": [
        {
          "schema_version": 1,
          "attributes": {
            "arn": "arn:aws:ec2:eu-west-1:569551094392:key-pair/eks-ssh",
            "fingerprint": "d0:90:f1:a2:a3:09:29:e1:71:67:39:87:12:67:09:bb",
            "id": "eks-ssh",
            "key_name": "eks-ssh",
            "key_name_prefix": null,
            "key_pair_id": "key-0d0835941588184d9",
            "public_key": "ssh-rsa AAAAB3NzaC1yc2EAAAADAQABAAABgQC+4h3xsGt3qGeJgG0tezUnVxiITXEXWMGNC/HQvNIG1tLR4Mm6hvlCVlf2E+4j7ji8gGYlzQyEofEuqE8ouMNcZt9OC0fkLq+HrV1r9lo4TUxNUrdpSL5LuxckIBlXnb1KpzAbFJ2ZEQ/m3k8BhKBxcD6MPE54rDcYDXd0ld3cTK3jhw2dQ9zcdjydN6182EgeigFP1WAWb6YpnS402lGlUqbTCk5QtpUs3rKPytZ/GTunktq+BgRwEfKOm2TyIuhlNIWkq8Z/wLH+b8viK5q3/6SmZf09hA7pMGYKKKN1OT2dy2gBA8GU0Q6Z/jMvloKuS7HkdScxs9sSVUlAzfc1c8eSrDdToQ3Tu56B32qMFUS+puPbfgVcSBkh/2u2dqs6aqOkv01TbcBANXSf1G9cyPcuLfOQtOf5uK8X1AIQkrFtb2SlgzrDBuH5l+z24g4O7eaFTTHaFoxBgyvt4z9EFC5taFvTz5OOTAZDVTgQq1hxzZ+rbyiLE/pz4bu87rU= nayden@nayden",
            "tags": null
          },
          "private": "eyJzY2hlbWFfdmVyc2lvbiI6IjEifQ=="
        }
      ]
    },
    {
      "mode": "managed",
      "type": "aws_security_group",
      "name": "eks_cluster_node_group",
      "provider": "provider.aws",
      "instances": [
        {
          "schema_version": 1,
          "attributes": {
            "arn": "arn:aws:ec2:eu-west-1:569551094392:security-group/sg-0b5ecd7f40e21cd5f",
            "description": "Allow TLS inbound traffic",
            "egress": [
              {
                "cidr_blocks": [
                  "0.0.0.0/0"
                ],
                "description": "Allow all outbound traffic",
                "from_port": 0,
                "ipv6_cidr_blocks": [],
                "prefix_list_ids": [],
                "protocol": "-1",
                "security_groups": [],
                "self": false,
                "to_port": 0
              }
            ],
            "id": "sg-0b5ecd7f40e21cd5f",
            "ingress": [
              {
                "cidr_blocks": [
                  "0.0.0.0/0"
                ],
                "description": "Allow incoming SSH traffic",
                "from_port": 22,
                "ipv6_cidr_blocks": [],
                "prefix_list_ids": [],
                "protocol": "tcp",
                "security_groups": [],
                "self": false,
                "to_port": 22
              }
            ],
            "name": "EKSClusterNodeGroupSecurityGroup",
            "name_prefix": "",
            "owner_id": "569551094392",
            "revoke_rules_on_delete": false,
            "tags": {
              "Delete": "true",
              "Name": "hamzaelaouane-eks-cluster-tag",
              "Terraform": "true",
              "kubernetes.io/cluster/hamzaelaouane-eks-cluster": "owned"
            },
            "timeouts": null,
            "vpc_id": "vpc-1124ca68"
          },
          "private": "eyJlMmJmYjczMC1lY2FhLTExZTYtOGY4OC0zNDM2M2JjN2M0YzAiOnsiY3JlYXRlIjo2MDAwMDAwMDAwMDAsImRlbGV0ZSI6NjAwMDAwMDAwMDAwfSwic2NoZW1hX3ZlcnNpb24iOiIxIn0="
        }
      ]
    },
    {
      "mode": "managed",
      "type": "aws_security_group_rule",
      "name": "this",
      "each": "map",
      "provider": "provider.aws",
      "instances": [
        {
          "index_key": "22",
          "schema_version": 2,
          "attributes": {
            "cidr_blocks": [
              "0.0.0.0/0"
            ],
            "description": null,
            "from_port": 22,
            "id": "sgrule-2158028002",
            "ipv6_cidr_blocks": null,
            "prefix_list_ids": null,
            "protocol": "tcp",
            "security_group_id": "sg-072ec710b123ac45e",
            "self": false,
            "source_security_group_id": null,
            "to_port": 22,
            "type": "ingress"
          },
          "private": "eyJzY2hlbWFfdmVyc2lvbiI6IjIifQ==",
          "dependencies": [
            "aws_eks_cluster.voting_app_eks_cluster",
            "aws_eks_node_group.hamzaVotingApp_node",
            "aws_iam_role.hamzaVotingApp-eks-cluster",
            "aws_iam_role.hamzaVotingApp-eks-cluster-node-group",
            "aws_iam_role_policy_attachment.hamzaVotingApp-eks-cluster-AmazonEKSClusterPolicy",
            "aws_iam_role_policy_attachment.hamzaVotingApp-eks-cluster-AmazonEKSServicePolicy",
            "aws_iam_role_policy_attachment.hamzaVotingApp-eks-cluster-node-group-AmazonEC2ContainerRegistryReadOnly",
            "aws_iam_role_policy_attachment.hamzaVotingApp-eks-cluster-node-group-AmazonEKSWorkerNodePolicy",
            "aws_iam_role_policy_attachment.hamzaVotingApp-eks-cluster-node-group-AmazonEKS_CNI_Policy",
            "aws_key_pair.ssh",
            "aws_security_group.eks_cluster_node_group",
            "aws_subnet.voting_app_subnet"
          ]
        },
        {
          "index_key": "30333",
          "schema_version": 2,
          "attributes": {
            "cidr_blocks": [
              "0.0.0.0/0"
            ],
            "description": null,
            "from_port": 30333,
            "id": "sgrule-3324067060",
            "ipv6_cidr_blocks": null,
            "prefix_list_ids": null,
            "protocol": "tcp",
            "security_group_id": "sg-072ec710b123ac45e",
            "self": false,
            "source_security_group_id": null,
            "to_port": 30333,
            "type": "ingress"
          },
          "private": "eyJzY2hlbWFfdmVyc2lvbiI6IjIifQ==",
          "dependencies": [
            "aws_eks_cluster.voting_app_eks_cluster",
            "aws_eks_node_group.hamzaVotingApp_node",
            "aws_iam_role.hamzaVotingApp-eks-cluster",
            "aws_iam_role.hamzaVotingApp-eks-cluster-node-group",
            "aws_iam_role_policy_attachment.hamzaVotingApp-eks-cluster-AmazonEKSClusterPolicy",
            "aws_iam_role_policy_attachment.hamzaVotingApp-eks-cluster-AmazonEKSServicePolicy",
            "aws_iam_role_policy_attachment.hamzaVotingApp-eks-cluster-node-group-AmazonEC2ContainerRegistryReadOnly",
            "aws_iam_role_policy_attachment.hamzaVotingApp-eks-cluster-node-group-AmazonEKSWorkerNodePolicy",
            "aws_iam_role_policy_attachment.hamzaVotingApp-eks-cluster-node-group-AmazonEKS_CNI_Policy",
            "aws_key_pair.ssh",
            "aws_security_group.eks_cluster_node_group",
            "aws_subnet.voting_app_subnet"
          ]
        },
        {
          "index_key": "31000",
          "schema_version": 2,
          "attributes": {
            "cidr_blocks": [
              "0.0.0.0/0"
            ],
            "description": null,
            "from_port": 31000,
            "id": "sgrule-2674741521",
            "ipv6_cidr_blocks": null,
            "prefix_list_ids": null,
            "protocol": "tcp",
            "security_group_id": "sg-072ec710b123ac45e",
            "self": false,
            "source_security_group_id": null,
            "to_port": 31000,
            "type": "ingress"
          },
          "private": "eyJzY2hlbWFfdmVyc2lvbiI6IjIifQ==",
          "dependencies": [
            "aws_eks_cluster.voting_app_eks_cluster",
            "aws_eks_node_group.hamzaVotingApp_node",
            "aws_iam_role.hamzaVotingApp-eks-cluster",
            "aws_iam_role.hamzaVotingApp-eks-cluster-node-group",
            "aws_iam_role_policy_attachment.hamzaVotingApp-eks-cluster-AmazonEKSClusterPolicy",
            "aws_iam_role_policy_attachment.hamzaVotingApp-eks-cluster-AmazonEKSServicePolicy",
            "aws_iam_role_policy_attachment.hamzaVotingApp-eks-cluster-node-group-AmazonEC2ContainerRegistryReadOnly",
            "aws_iam_role_policy_attachment.hamzaVotingApp-eks-cluster-node-group-AmazonEKSWorkerNodePolicy",
            "aws_iam_role_policy_attachment.hamzaVotingApp-eks-cluster-node-group-AmazonEKS_CNI_Policy",
            "aws_key_pair.ssh",
            "aws_security_group.eks_cluster_node_group",
            "aws_subnet.voting_app_subnet"
          ]
        },
        {
          "index_key": "31001",
          "schema_version": 2,
          "attributes": {
            "cidr_blocks": [
              "0.0.0.0/0"
            ],
            "description": null,
            "from_port": 31001,
            "id": "sgrule-573101886",
            "ipv6_cidr_blocks": null,
            "prefix_list_ids": null,
            "protocol": "tcp",
            "security_group_id": "sg-072ec710b123ac45e",
            "self": false,
            "source_security_group_id": null,
            "to_port": 31001,
            "type": "ingress"
          },
          "private": "eyJzY2hlbWFfdmVyc2lvbiI6IjIifQ==",
          "dependencies": [
            "aws_eks_cluster.voting_app_eks_cluster",
            "aws_eks_node_group.hamzaVotingApp_node",
            "aws_iam_role.hamzaVotingApp-eks-cluster",
            "aws_iam_role.hamzaVotingApp-eks-cluster-node-group",
            "aws_iam_role_policy_attachment.hamzaVotingApp-eks-cluster-AmazonEKSClusterPolicy",
            "aws_iam_role_policy_attachment.hamzaVotingApp-eks-cluster-AmazonEKSServicePolicy",
            "aws_iam_role_policy_attachment.hamzaVotingApp-eks-cluster-node-group-AmazonEC2ContainerRegistryReadOnly",
            "aws_iam_role_policy_attachment.hamzaVotingApp-eks-cluster-node-group-AmazonEKSWorkerNodePolicy",
            "aws_iam_role_policy_attachment.hamzaVotingApp-eks-cluster-node-group-AmazonEKS_CNI_Policy",
            "aws_key_pair.ssh",
            "aws_security_group.eks_cluster_node_group",
            "aws_subnet.voting_app_subnet"
          ]
        }
      ]
    },
    {
      "mode": "managed",
      "type": "aws_subnet",
      "name": "voting_app_subnet",
      "each": "list",
      "provider": "provider.aws",
      "instances": [
        {
          "index_key": 0,
          "schema_version": 1,
          "attributes": {
            "arn": "arn:aws:ec2:eu-west-1:569551094392:subnet/subnet-0499188660928842a",
            "assign_ipv6_address_on_creation": false,
            "availability_zone": "eu-west-1a",
            "availability_zone_id": "euw1-az2",
            "cidr_block": "172.31.100.0/24",
            "id": "subnet-0499188660928842a",
            "ipv6_cidr_block": "",
            "ipv6_cidr_block_association_id": "",
            "map_public_ip_on_launch": true,
            "outpost_arn": "",
            "owner_id": "569551094392",
            "tags": {
              "Delete": "true",
              "Name": "hamzaelaouane-eks-cluster-tag",
              "Terraform": "true",
              "kubernetes.io/cluster/hamzaelaouane-eks-cluster": "shared"
            },
            "timeouts": null,
            "vpc_id": "vpc-1124ca68"
          },
          "private": "eyJlMmJmYjczMC1lY2FhLTExZTYtOGY4OC0zNDM2M2JjN2M0YzAiOnsiY3JlYXRlIjo2MDAwMDAwMDAwMDAsImRlbGV0ZSI6MTIwMDAwMDAwMDAwMH0sInNjaGVtYV92ZXJzaW9uIjoiMSJ9"
        },
        {
          "index_key": 1,
          "schema_version": 1,
          "attributes": {
            "arn": "arn:aws:ec2:eu-west-1:569551094392:subnet/subnet-0da25ed5194ed6947",
            "assign_ipv6_address_on_creation": false,
            "availability_zone": "eu-west-1b",
            "availability_zone_id": "euw1-az3",
            "cidr_block": "172.31.101.0/24",
            "id": "subnet-0da25ed5194ed6947",
            "ipv6_cidr_block": "",
            "ipv6_cidr_block_association_id": "",
            "map_public_ip_on_launch": true,
            "outpost_arn": "",
            "owner_id": "569551094392",
            "tags": {
              "Delete": "true",
              "Name": "hamzaelaouane-eks-cluster-tag",
              "Terraform": "true",
              "kubernetes.io/cluster/hamzaelaouane-eks-cluster": "shared"
            },
            "timeouts": null,
            "vpc_id": "vpc-1124ca68"
          },
          "private": "eyJlMmJmYjczMC1lY2FhLTExZTYtOGY4OC0zNDM2M2JjN2M0YzAiOnsiY3JlYXRlIjo2MDAwMDAwMDAwMDAsImRlbGV0ZSI6MTIwMDAwMDAwMDAwMH0sInNjaGVtYV92ZXJzaW9uIjoiMSJ9"
        },
        {
          "index_key": 2,
          "schema_version": 1,
          "attributes": {
            "arn": "arn:aws:ec2:eu-west-1:569551094392:subnet/subnet-02336a73e77886914",
            "assign_ipv6_address_on_creation": false,
            "availability_zone": "eu-west-1c",
            "availability_zone_id": "euw1-az1",
            "cidr_block": "172.31.102.0/24",
            "id": "subnet-02336a73e77886914",
            "ipv6_cidr_block": "",
            "ipv6_cidr_block_association_id": "",
            "map_public_ip_on_launch": true,
            "outpost_arn": "",
            "owner_id": "569551094392",
            "tags": {
              "Delete": "true",
              "Name": "hamzaelaouane-eks-cluster-tag",
              "Terraform": "true",
              "kubernetes.io/cluster/hamzaelaouane-eks-cluster": "shared"
            },
            "timeouts": null,
            "vpc_id": "vpc-1124ca68"
          },
          "private": "eyJlMmJmYjczMC1lY2FhLTExZTYtOGY4OC0zNDM2M2JjN2M0YzAiOnsiY3JlYXRlIjo2MDAwMDAwMDAwMDAsImRlbGV0ZSI6MTIwMDAwMDAwMDAwMH0sInNjaGVtYV92ZXJzaW9uIjoiMSJ9"
        }
      ]
    }
  ]
}
